
Microsoft Visual Studio Solution File, Format Version 12.00
# Visual Studio 15
VisualStudioVersion = 15.0.28307.489
MinimumVisualStudioVersion = 10.0.40219.1
Project("{FAE04EC0-301F-11D3-BF4B-00C04F79EFBC}") = "warehouse", "warehouse\warehouse.csproj", "{2CD29C43-BC3D-439F-BA01-3A80E7262108}"
EndProject
Global
	GlobalSection(SolutionConfigurationPlatforms) = preSolution
		Debug|Any CPU = Debug|Any CPU
		Release|Any CPU = Release|Any CPU
	EndGlobalSection
	GlobalSection(ProjectConfigurationPlatforms) = postSolution
		{2CD29C43-BC3D-439F-BA01-3A80E7262108}.Debug|Any CPU.ActiveCfg = Debug|Any CPU
		{2CD29C43-BC3D-439F-BA01-3A80E7262108}.Debug|Any CPU.Build.0 = Debug|Any CPU
		{2CD29C43-BC3D-439F-BA01-3A80E7262108}.Release|Any CPU.ActiveCfg = Release|Any CPU
		{2CD29C43-BC3D-439F-BA01-3A80E7262108}.Release|Any CPU.Build.0 = Release|Any CPU
	EndGlobalSection
	GlobalSection(SolutionProperties) = preSolution
		HideSolutionNode = FALSE
	EndGlobalSection
	GlobalSection(ExtensibilityGlobals) = postSolution
		SolutionGuid = {8E8180E9-3295-42C5-94E2-FA9EB7761D05}
	EndGlobalSection
EndGlobal
